
Microsoft Visual Studio Solution File, Format Version 12.00
# Visual Studio Version 17
VisualStudioVersion = 17.14.36414.22
MinimumVisualStudioVersion = 10.0.40219.1
Project("{2150E333-8FDC-42A3-9474-1A3956D46DE8}") = "Task0", "Task0", "{36D591C7-65C7-A0D1-1CBC-10CDE441BDC8}"
EndProject
Project("{FAE04EC0-301F-11D3-BF4B-00C04F79EFBC}") = "Tyuiu.IvanovEO.Sprint4.Task0.V4", "Tyuiu.IvanovEO.Sprint4.Task0.V4\Tyuiu.IvanovEO.Sprint4.Task0.V4.csproj", "{3847C72B-7D43-433D-A169-1ED19B0C0330}"
EndProject
Project("{FAE04EC0-301F-11D3-BF4B-00C04F79EFBC}") = "Tyuiu.IvanovEO.Sprint4.Task0.V4.Test", "Tyuiu.IvanovEO.Sprint4.Task0.V4.Test\Tyuiu.IvanovEO.Sprint4.Task0.V4.Test.csproj", "{F1AF2C5E-0EEB-4B4A-A33B-8037A24BAF0A}"
EndProject
Project("{FAE04EC0-301F-11D3-BF4B-00C04F79EFBC}") = "Tyuiu.IvanovEO.Sprint4.Task0.V4.Lib", "Tyuiu.IvanovEO.Sprint4.Task0.V4.Lib\Tyuiu.IvanovEO.Sprint4.Task0.V4.Lib.csproj", "{ABA44861-E16C-45CC-9BF1-CB8ABB5FBB78}"
EndProject
Project("{2150E333-8FDC-42A3-9474-1A3956D46DE8}") = "Task1", "Task1", "{261F0705-8C2B-41D5-A93D-2514BCDDB3DF}"
EndProject
Project("{FAE04EC0-301F-11D3-BF4B-00C04F79EFBC}") = "Tyuiu.IvanovEO.Sprint4.Task1.V30", "Tyuiu.IvanovEO.Sprint4.Task1.V30\Tyuiu.IvanovEO.Sprint4.Task1.V30.csproj", "{F00936E1-EEA1-4417-AB48-A05642441C2F}"
EndProject
Project("{FAE04EC0-301F-11D3-BF4B-00C04F79EFBC}") = "Tyuiu.IvanovEO.Sprint4.Task1.V30.Lib", "Tyuiu.IvanovEO.Sprint4.Task1.V30.Lib\Tyuiu.IvanovEO.Sprint4.Task1.V30.Lib.csproj", "{BD43180D-FA40-4759-8B82-E5FF690BC739}"
EndProject
Project("{FAE04EC0-301F-11D3-BF4B-00C04F79EFBC}") = "Tyuiu.IvanovEO.Sprint4.Task1.V30.Test", "Tyuiu.IvanovEO.Sprint4.Task1.V30.Test\Tyuiu.IvanovEO.Sprint4.Task1.V30.Test.csproj", "{975734FF-6D22-4D9D-94B7-9028ACBB0B56}"
EndProject
Project("{2150E333-8FDC-42A3-9474-1A3956D46DE8}") = "Task2", "Task2", "{9950D0C4-C7A9-4949-A866-91677B36C563}"
EndProject
Project("{FAE04EC0-301F-11D3-BF4B-00C04F79EFBC}") = "Tyuiu.IvanovEO.Sprint4.Task2.V26", "Tyuiu.IvanovEO.Sprint4.Task2.V26\Tyuiu.IvanovEO.Sprint4.Task2.V26.csproj", "{30B3F870-8373-48DB-805F-E0E3687A914E}"
EndProject
Project("{FAE04EC0-301F-11D3-BF4B-00C04F79EFBC}") = "Tyuiu.IvanovEO.Sprint4.Task2.V26.Test", "Tyuiu.IvanovEO.Sprint4.Task2.V26.Test\Tyuiu.IvanovEO.Sprint4.Task2.V26.Test.csproj", "{98519BD5-DCB7-4DBC-B0ED-5E233149CAE4}"
EndProject
Project("{FAE04EC0-301F-11D3-BF4B-00C04F79EFBC}") = "Tyuiu.IvanovEO.Sprint4.Task2.V26.Lib", "Tyuiu.IvanovEO.Sprint4.Task2.V26.Lib\Tyuiu.IvanovEO.Sprint4.Task2.V26.Lib.csproj", "{08A2CC49-2FA1-4A6A-A10A-447327447D34}"
EndProject
Project("{2150E333-8FDC-42A3-9474-1A3956D46DE8}") = "Task3", "Task3", "{AAF78E80-7FBC-4844-80AE-A71FC8E3A9C2}"
EndProject
Project("{FAE04EC0-301F-11D3-BF4B-00C04F79EFBC}") = "Tyuiu.IvanovEO.Sprint4.Task3.V8", "Tyuiu.IvanovEO.Sprint4.Task3.V8\Tyuiu.IvanovEO.Sprint4.Task3.V8.csproj", "{8756153E-E8D3-492F-BD44-835C035E85EE}"
EndProject
Project("{FAE04EC0-301F-11D3-BF4B-00C04F79EFBC}") = "Tyuiu.IvanovEO.Sprint4.Task3.V8.Lib", "Tyuiu.IvanovEO.Sprint4.Task3.V8.Lib\Tyuiu.IvanovEO.Sprint4.Task3.V8.Lib.csproj", "{0F11C65D-F750-47DC-BF29-A3DB27276BBB}"
EndProject
Project("{FAE04EC0-301F-11D3-BF4B-00C04F79EFBC}") = "Tyuiu.IvanovEO.Sprint4.Task3.V8.Test", "Tyuiu.IvanovEO.Sprint4.Task3.V8.Test\Tyuiu.IvanovEO.Sprint4.Task3.V8.Test.csproj", "{916F8208-D7D6-47AB-83F4-5C8210E1D7FB}"
EndProject
Project("{2150E333-8FDC-42A3-9474-1A3956D46DE8}") = "Task4", "Task4", "{116902C8-8369-437E-BF9B-0476DCBD9BBD}"
EndProject
Project("{FAE04EC0-301F-11D3-BF4B-00C04F79EFBC}") = "Tyuiu.IvanovEO.Sprint4.Task4.V26", "Tyuiu.IvanovEO.Sprint4.Task4.V26\Tyuiu.IvanovEO.Sprint4.Task4.V26.csproj", "{61D6D9D1-B9D6-4F84-9BE3-6A5E6272FA77}"
EndProject
Project("{FAE04EC0-301F-11D3-BF4B-00C04F79EFBC}") = "Tyuiu.IvanovEO.Sprint4.Task4.V26.Lib", "Tyuiu.IvanovEO.Sprint4.Task4.V26.Lib\Tyuiu.IvanovEO.Sprint4.Task4.V26.Lib.csproj", "{0AC6609D-A2B8-46F0-82D9-0F71C0B46C75}"
EndProject
Project("{FAE04EC0-301F-11D3-BF4B-00C04F79EFBC}") = "Tyuiu.IvanovEO.Sprint4.Task4.V26.Test", "Tyuiu.IvanovEO.Sprint4.Task4.V26.Test\Tyuiu.IvanovEO.Sprint4.Task4.V26.Test.csproj", "{3647CDF0-6462-4ABF-8B56-0A5497CD3612}"
EndProject
Project("{2150E333-8FDC-42A3-9474-1A3956D46DE8}") = "Task5", "Task5", "{30620672-284D-4109-B253-1DEAEFA0735D}"
EndProject
Project("{FAE04EC0-301F-11D3-BF4B-00C04F79EFBC}") = "Tyuiu.IvanovEO.Sprint4.Task5.V21", "Tyuiu.IvanovEO.Sprint4.Task5.V21\Tyuiu.IvanovEO.Sprint4.Task5.V21.csproj", "{2AD7A285-F3FF-41AA-B517-7F6DE39FEAA9}"
EndProject
Project("{FAE04EC0-301F-11D3-BF4B-00C04F79EFBC}") = "Tyuiu.IvanovEO.Sprint4.Task5.V21.Lib", "Tyuiu.IvanovEO.Sprint4.Task5.V21.Lib\Tyuiu.IvanovEO.Sprint4.Task5.V21.Lib.csproj", "{97493504-EF45-4670-AAFE-A328086007A7}"
EndProject
Project("{FAE04EC0-301F-11D3-BF4B-00C04F79EFBC}") = "Tyuiu.IvanovEO.Sprint4.Task5.V21.Test", "Tyuiu.IvanovEO.Sprint4.Task5.V21.Test\Tyuiu.IvanovEO.Sprint4.Task5.V21.Test.csproj", "{2373D9AF-7610-4E6B-9CCE-290FE71B60D1}"
EndProject
Project("{2150E333-8FDC-42A3-9474-1A3956D46DE8}") = "Task6", "Task6", "{559156F9-DD7F-4216-B18E-243D30B850D6}"
EndProject
Project("{FAE04EC0-301F-11D3-BF4B-00C04F79EFBC}") = "Tyuiu.IvanovEO.Sprint4.Task6.V27", "Tyuiu.IvanovEO.Sprint4.Task6.V27\Tyuiu.IvanovEO.Sprint4.Task6.V27.csproj", "{E75A7E4C-DE4C-4F84-86F2-73A97D2C04CD}"
EndProject
Project("{FAE04EC0-301F-11D3-BF4B-00C04F79EFBC}") = "Tyuiu.IvanovEO.Sprint4.Task6.V27.Test", "Tyuiu.IvanovEO.Sprint4.Task6.V27.Test\Tyuiu.IvanovEO.Sprint4.Task6.V27.Test.csproj", "{5862FC7F-27EA-473D-9F56-A46827055ACE}"
EndProject
Project("{FAE04EC0-301F-11D3-BF4B-00C04F79EFBC}") = "Tyuiu.IvanovEO.Sprint4.Task6.V27.Lib", "Tyuiu.IvanovEO.Sprint4.Task6.V27.Lib\Tyuiu.IvanovEO.Sprint4.Task6.V27.Lib.csproj", "{0313A2C7-D53B-4087-878D-4F999A6C4EA2}"
EndProject
Project("{2150E333-8FDC-42A3-9474-1A3956D46DE8}") = "Task7", "Task7", "{DF843482-DB93-49C1-B0DB-255436FC5BB9}"
EndProject
Project("{FAE04EC0-301F-11D3-BF4B-00C04F79EFBC}") = "Tyuiu.IvanovEO.Sprint4.Task7.V22", "Tyuiu.IvanovEO.Sprint4.Task7.V22\Tyuiu.IvanovEO.Sprint4.Task7.V22.csproj", "{3D8E0EB0-F4F2-4C53-83D9-32332F89A66D}"
EndProject
Project("{FAE04EC0-301F-11D3-BF4B-00C04F79EFBC}") = "Tyuiu.IvanovEO.Sprint4.Task7.V22.Lib", "Tyuiu.IvanovEO.Sprint4.Task7.V22.Lib\Tyuiu.IvanovEO.Sprint4.Task7.V22.Lib.csproj", "{4B9224D9-3D64-48A6-9871-A3E432A314F5}"
EndProject
Project("{FAE04EC0-301F-11D3-BF4B-00C04F79EFBC}") = "Tyuiu.IvanovEO.Sprint4.Task7.V22.Test", "Tyuiu.IvanovEO.Sprint4.Task7.V22.Test\Tyuiu.IvanovEO.Sprint4.Task7.V22.Test.csproj", "{DEEC671B-6D3E-4327-ACB4-9A372FCE30C4}"
EndProject
Global
	GlobalSection(SolutionConfigurationPlatforms) = preSolution
		Debug|Any CPU = Debug|Any CPU
		Release|Any CPU = Release|Any CPU
	EndGlobalSection
	GlobalSection(ProjectConfigurationPlatforms) = postSolution
		{3847C72B-7D43-433D-A169-1ED19B0C0330}.Debug|Any CPU.ActiveCfg = Debug|Any CPU
		{3847C72B-7D43-433D-A169-1ED19B0C0330}.Debug|Any CPU.Build.0 = Debug|Any CPU
		{3847C72B-7D43-433D-A169-1ED19B0C0330}.Release|Any CPU.ActiveCfg = Release|Any CPU
		{3847C72B-7D43-433D-A169-1ED19B0C0330}.Release|Any CPU.Build.0 = Release|Any CPU
		{F1AF2C5E-0EEB-4B4A-A33B-8037A24BAF0A}.Debug|Any CPU.ActiveCfg = Debug|Any CPU
		{F1AF2C5E-0EEB-4B4A-A33B-8037A24BAF0A}.Debug|Any CPU.Build.0 = Debug|Any CPU
		{F1AF2C5E-0EEB-4B4A-A33B-8037A24BAF0A}.Release|Any CPU.ActiveCfg = Release|Any CPU
		{F1AF2C5E-0EEB-4B4A-A33B-8037A24BAF0A}.Release|Any CPU.Build.0 = Release|Any CPU
		{ABA44861-E16C-45CC-9BF1-CB8ABB5FBB78}.Debug|Any CPU.ActiveCfg = Debug|Any CPU
		{ABA44861-E16C-45CC-9BF1-CB8ABB5FBB78}.Debug|Any CPU.Build.0 = Debug|Any CPU
		{ABA44861-E16C-45CC-9BF1-CB8ABB5FBB78}.Release|Any CPU.ActiveCfg = Release|Any CPU
		{ABA44861-E16C-45CC-9BF1-CB8ABB5FBB78}.Release|Any CPU.Build.0 = Release|Any CPU
		{F00936E1-EEA1-4417-AB48-A05642441C2F}.Debug|Any CPU.ActiveCfg = Debug|Any CPU
		{F00936E1-EEA1-4417-AB48-A05642441C2F}.Debug|Any CPU.Build.0 = Debug|Any CPU
		{F00936E1-EEA1-4417-AB48-A05642441C2F}.Release|Any CPU.ActiveCfg = Release|Any CPU
		{F00936E1-EEA1-4417-AB48-A05642441C2F}.Release|Any CPU.Build.0 = Release|Any CPU
		{BD43180D-FA40-4759-8B82-E5FF690BC739}.Debug|Any CPU.ActiveCfg = Debug|Any CPU
		{BD43180D-FA40-4759-8B82-E5FF690BC739}.Debug|Any CPU.Build.0 = Debug|Any CPU
		{BD43180D-FA40-4759-8B82-E5FF690BC739}.Release|Any CPU.ActiveCfg = Release|Any CPU
		{BD43180D-FA40-4759-8B82-E5FF690BC739}.Release|Any CPU.Build.0 = Release|Any CPU
		{975734FF-6D22-4D9D-94B7-9028ACBB0B56}.Debug|Any CPU.ActiveCfg = Debug|Any CPU
		{975734FF-6D22-4D9D-94B7-9028ACBB0B56}.Debug|Any CPU.Build.0 = Debug|Any CPU
		{975734FF-6D22-4D9D-94B7-9028ACBB0B56}.Release|Any CPU.ActiveCfg = Release|Any CPU
		{975734FF-6D22-4D9D-94B7-9028ACBB0B56}.Release|Any CPU.Build.0 = Release|Any CPU
		{30B3F870-8373-48DB-805F-E0E3687A914E}.Debug|Any CPU.ActiveCfg = Debug|Any CPU
		{30B3F870-8373-48DB-805F-E0E3687A914E}.Debug|Any CPU.Build.0 = Debug|Any CPU
		{30B3F870-8373-48DB-805F-E0E3687A914E}.Release|Any CPU.ActiveCfg = Release|Any CPU
		{30B3F870-8373-48DB-805F-E0E3687A914E}.Release|Any CPU.Build.0 = Release|Any CPU
		{98519BD5-DCB7-4DBC-B0ED-5E233149CAE4}.Debug|Any CPU.ActiveCfg = Debug|Any CPU
		{98519BD5-DCB7-4DBC-B0ED-5E233149CAE4}.Debug|Any CPU.Build.0 = Debug|Any CPU
		{98519BD5-DCB7-4DBC-B0ED-5E233149CAE4}.Release|Any CPU.ActiveCfg = Release|Any CPU
		{98519BD5-DCB7-4DBC-B0ED-5E233149CAE4}.Release|Any CPU.Build.0 = Release|Any CPU
		{08A2CC49-2FA1-4A6A-A10A-447327447D34}.Debug|Any CPU.ActiveCfg = Debug|Any CPU
		{08A2CC49-2FA1-4A6A-A10A-447327447D34}.Debug|Any CPU.Build.0 = Debug|Any CPU
		{08A2CC49-2FA1-4A6A-A10A-447327447D34}.Release|Any CPU.ActiveCfg = Release|Any CPU
		{08A2CC49-2FA1-4A6A-A10A-447327447D34}.Release|Any CPU.Build.0 = Release|Any CPU
		{8756153E-E8D3-492F-BD44-835C035E85EE}.Debug|Any CPU.ActiveCfg = Debug|Any CPU
		{8756153E-E8D3-492F-BD44-835C035E85EE}.Debug|Any CPU.Build.0 = Debug|Any CPU
		{8756153E-E8D3-492F-BD44-835C035E85EE}.Release|Any CPU.ActiveCfg = Release|Any CPU
		{8756153E-E8D3-492F-BD44-835C035E85EE}.Release|Any CPU.Build.0 = Release|Any CPU
		{0F11C65D-F750-47DC-BF29-A3DB27276BBB}.Debug|Any CPU.ActiveCfg = Debug|Any CPU
		{0F11C65D-F750-47DC-BF29-A3DB27276BBB}.Debug|Any CPU.Build.0 = Debug|Any CPU
		{0F11C65D-F750-47DC-BF29-A3DB27276BBB}.Release|Any CPU.ActiveCfg = Release|Any CPU
		{0F11C65D-F750-47DC-BF29-A3DB27276BBB}.Release|Any CPU.Build.0 = Release|Any CPU
		{916F8208-D7D6-47AB-83F4-5C8210E1D7FB}.Debug|Any CPU.ActiveCfg = Debug|Any CPU
		{916F8208-D7D6-47AB-83F4-5C8210E1D7FB}.Debug|Any CPU.Build.0 = Debug|Any CPU
		{916F8208-D7D6-47AB-83F4-5C8210E1D7FB}.Release|Any CPU.ActiveCfg = Release|Any CPU
		{916F8208-D7D6-47AB-83F4-5C8210E1D7FB}.Release|Any CPU.Build.0 = Release|Any CPU
		{61D6D9D1-B9D6-4F84-9BE3-6A5E6272FA77}.Debug|Any CPU.ActiveCfg = Debug|Any CPU
		{61D6D9D1-B9D6-4F84-9BE3-6A5E6272FA77}.Debug|Any CPU.Build.0 = Debug|Any CPU
		{61D6D9D1-B9D6-4F84-9BE3-6A5E6272FA77}.Release|Any CPU.ActiveCfg = Release|Any CPU
		{61D6D9D1-B9D6-4F84-9BE3-6A5E6272FA77}.Release|Any CPU.Build.0 = Release|Any CPU
		{0AC6609D-A2B8-46F0-82D9-0F71C0B46C75}.Debug|Any CPU.ActiveCfg = Debug|Any CPU
		{0AC6609D-A2B8-46F0-82D9-0F71C0B46C75}.Debug|Any CPU.Build.0 = Debug|Any CPU
		{0AC6609D-A2B8-46F0-82D9-0F71C0B46C75}.Release|Any CPU.ActiveCfg = Release|Any CPU
		{0AC6609D-A2B8-46F0-82D9-0F71C0B46C75}.Release|Any CPU.Build.0 = Release|Any CPU
		{3647CDF0-6462-4ABF-8B56-0A5497CD3612}.Debug|Any CPU.ActiveCfg = Debug|Any CPU
		{3647CDF0-6462-4ABF-8B56-0A5497CD3612}.Debug|Any CPU.Build.0 = Debug|Any CPU
		{3647CDF0-6462-4ABF-8B56-0A5497CD3612}.Release|Any CPU.ActiveCfg = Release|Any CPU
		{3647CDF0-6462-4ABF-8B56-0A5497CD3612}.Release|Any CPU.Build.0 = Release|Any CPU
		{2AD7A285-F3FF-41AA-B517-7F6DE39FEAA9}.Debug|Any CPU.ActiveCfg = Debug|Any CPU
		{2AD7A285-F3FF-41AA-B517-7F6DE39FEAA9}.Debug|Any CPU.Build.0 = Debug|Any CPU
		{2AD7A285-F3FF-41AA-B517-7F6DE39FEAA9}.Release|Any CPU.ActiveCfg = Release|Any CPU
		{2AD7A285-F3FF-41AA-B517-7F6DE39FEAA9}.Release|Any CPU.Build.0 = Release|Any CPU
		{97493504-EF45-4670-AAFE-A328086007A7}.Debug|Any CPU.ActiveCfg = Debug|Any CPU
		{97493504-EF45-4670-AAFE-A328086007A7}.Debug|Any CPU.Build.0 = Debug|Any CPU
		{97493504-EF45-4670-AAFE-A328086007A7}.Release|Any CPU.ActiveCfg = Release|Any CPU
		{97493504-EF45-4670-AAFE-A328086007A7}.Release|Any CPU.Build.0 = Release|Any CPU
		{2373D9AF-7610-4E6B-9CCE-290FE71B60D1}.Debug|Any CPU.ActiveCfg = Debug|Any CPU
		{2373D9AF-7610-4E6B-9CCE-290FE71B60D1}.Debug|Any CPU.Build.0 = Debug|Any CPU
		{2373D9AF-7610-4E6B-9CCE-290FE71B60D1}.Release|Any CPU.ActiveCfg = Release|Any CPU
		{2373D9AF-7610-4E6B-9CCE-290FE71B60D1}.Release|Any CPU.Build.0 = Release|Any CPU
		{E75A7E4C-DE4C-4F84-86F2-73A97D2C04CD}.Debug|Any CPU.ActiveCfg = Debug|Any CPU
		{E75A7E4C-DE4C-4F84-86F2-73A97D2C04CD}.Debug|Any CPU.Build.0 = Debug|Any CPU
		{E75A7E4C-DE4C-4F84-86F2-73A97D2C04CD}.Release|Any CPU.ActiveCfg = Release|Any CPU
		{E75A7E4C-DE4C-4F84-86F2-73A97D2C04CD}.Release|Any CPU.Build.0 = Release|Any CPU
		{5862FC7F-27EA-473D-9F56-A46827055ACE}.Debug|Any CPU.ActiveCfg = Debug|Any CPU
		{5862FC7F-27EA-473D-9F56-A46827055ACE}.Debug|Any CPU.Build.0 = Debug|Any CPU
		{5862FC7F-27EA-473D-9F56-A46827055ACE}.Release|Any CPU.ActiveCfg = Release|Any CPU
		{5862FC7F-27EA-473D-9F56-A46827055ACE}.Release|Any CPU.Build.0 = Release|Any CPU
		{0313A2C7-D53B-4087-878D-4F999A6C4EA2}.Debug|Any CPU.ActiveCfg = Debug|Any CPU
		{0313A2C7-D53B-4087-878D-4F999A6C4EA2}.Debug|Any CPU.Build.0 = Debug|Any CPU
		{0313A2C7-D53B-4087-878D-4F999A6C4EA2}.Release|Any CPU.ActiveCfg = Release|Any CPU
		{0313A2C7-D53B-4087-878D-4F999A6C4EA2}.Release|Any CPU.Build.0 = Release|Any CPU
		{3D8E0EB0-F4F2-4C53-83D9-32332F89A66D}.Debug|Any CPU.ActiveCfg = Debug|Any CPU
		{3D8E0EB0-F4F2-4C53-83D9-32332F89A66D}.Debug|Any CPU.Build.0 = Debug|Any CPU
		{3D8E0EB0-F4F2-4C53-83D9-32332F89A66D}.Release|Any CPU.ActiveCfg = Release|Any CPU
		{3D8E0EB0-F4F2-4C53-83D9-32332F89A66D}.Release|Any CPU.Build.0 = Release|Any CPU
		{4B9224D9-3D64-48A6-9871-A3E432A314F5}.Debug|Any CPU.ActiveCfg = Debug|Any CPU
		{4B9224D9-3D64-48A6-9871-A3E432A314F5}.Debug|Any CPU.Build.0 = Debug|Any CPU
		{4B9224D9-3D64-48A6-9871-A3E432A314F5}.Release|Any CPU.ActiveCfg = Release|Any CPU
		{4B9224D9-3D64-48A6-9871-A3E432A314F5}.Release|Any CPU.Build.0 = Release|Any CPU
		{DEEC671B-6D3E-4327-ACB4-9A372FCE30C4}.Debug|Any CPU.ActiveCfg = Debug|Any CPU
		{DEEC671B-6D3E-4327-ACB4-9A372FCE30C4}.Debug|Any CPU.Build.0 = Debug|Any CPU
		{DEEC671B-6D3E-4327-ACB4-9A372FCE30C4}.Release|Any CPU.ActiveCfg = Release|Any CPU
		{DEEC671B-6D3E-4327-ACB4-9A372FCE30C4}.Release|Any CPU.Build.0 = Release|Any CPU
	EndGlobalSection
	GlobalSection(SolutionProperties) = preSolution
		HideSolutionNode = FALSE
	EndGlobalSection
	GlobalSection(NestedProjects) = preSolution
		{3847C72B-7D43-433D-A169-1ED19B0C0330} = {36D591C7-65C7-A0D1-1CBC-10CDE441BDC8}
		{F1AF2C5E-0EEB-4B4A-A33B-8037A24BAF0A} = {36D591C7-65C7-A0D1-1CBC-10CDE441BDC8}
		{ABA44861-E16C-45CC-9BF1-CB8ABB5FBB78} = {36D591C7-65C7-A0D1-1CBC-10CDE441BDC8}
		{F00936E1-EEA1-4417-AB48-A05642441C2F} = {261F0705-8C2B-41D5-A93D-2514BCDDB3DF}
		{BD43180D-FA40-4759-8B82-E5FF690BC739} = {261F0705-8C2B-41D5-A93D-2514BCDDB3DF}
		{975734FF-6D22-4D9D-94B7-9028ACBB0B56} = {261F0705-8C2B-41D5-A93D-2514BCDDB3DF}
		{30B3F870-8373-48DB-805F-E0E3687A914E} = {9950D0C4-C7A9-4949-A866-91677B36C563}
		{98519BD5-DCB7-4DBC-B0ED-5E233149CAE4} = {9950D0C4-C7A9-4949-A866-91677B36C563}
		{08A2CC49-2FA1-4A6A-A10A-447327447D34} = {9950D0C4-C7A9-4949-A866-91677B36C563}
		{8756153E-E8D3-492F-BD44-835C035E85EE} = {AAF78E80-7FBC-4844-80AE-A71FC8E3A9C2}
		{0F11C65D-F750-47DC-BF29-A3DB27276BBB} = {AAF78E80-7FBC-4844-80AE-A71FC8E3A9C2}
		{916F8208-D7D6-47AB-83F4-5C8210E1D7FB} = {AAF78E80-7FBC-4844-80AE-A71FC8E3A9C2}
		{61D6D9D1-B9D6-4F84-9BE3-6A5E6272FA77} = {116902C8-8369-437E-BF9B-0476DCBD9BBD}
		{0AC6609D-A2B8-46F0-82D9-0F71C0B46C75} = {116902C8-8369-437E-BF9B-0476DCBD9BBD}
		{3647CDF0-6462-4ABF-8B56-0A5497CD3612} = {116902C8-8369-437E-BF9B-0476DCBD9BBD}
		{2AD7A285-F3FF-41AA-B517-7F6DE39FEAA9} = {30620672-284D-4109-B253-1DEAEFA0735D}
		{97493504-EF45-4670-AAFE-A328086007A7} = {30620672-284D-4109-B253-1DEAEFA0735D}
		{2373D9AF-7610-4E6B-9CCE-290FE71B60D1} = {30620672-284D-4109-B253-1DEAEFA0735D}
		{E75A7E4C-DE4C-4F84-86F2-73A97D2C04CD} = {559156F9-DD7F-4216-B18E-243D30B850D6}
		{5862FC7F-27EA-473D-9F56-A46827055ACE} = {559156F9-DD7F-4216-B18E-243D30B850D6}
		{0313A2C7-D53B-4087-878D-4F999A6C4EA2} = {559156F9-DD7F-4216-B18E-243D30B850D6}
		{3D8E0EB0-F4F2-4C53-83D9-32332F89A66D} = {DF843482-DB93-49C1-B0DB-255436FC5BB9}
		{4B9224D9-3D64-48A6-9871-A3E432A314F5} = {DF843482-DB93-49C1-B0DB-255436FC5BB9}
		{DEEC671B-6D3E-4327-ACB4-9A372FCE30C4} = {DF843482-DB93-49C1-B0DB-255436FC5BB9}
	EndGlobalSection
	GlobalSection(ExtensibilityGlobals) = postSolution
		SolutionGuid = {6551B81B-687A-49B3-A863-3D4847576A41}
	EndGlobalSection
EndGlobal
